PODS:
  - AppAuth (1.6.2):
    - AppAuth/Core (= 1.6.2)
    - AppAuth/ExternalUserAgent (= 1.6.2)
  - AppAuth/Core (1.6.2)
  - AppAuth/ExternalUserAgent (1.6.2):
    - AppAuth/Core
  - boost (1.76.0)
  - callerid-module (0.1.1):
    - React-Core
  - DoubleConversion (1.1.6)
  - EmbraceIO (5.20.1)
  - FBAEMKit (12.3.2):
    - FBSDKCoreKit_Basics (= 12.3.2)
  - FBLazyVector (0.70.0)
  - FBReactNativeSpec (0.70.0):
    - RCT-Folly (= 2021.07.22.00)
    - RCTRequired (= 0.70.0)
    - RCTTypeSafety (= 0.70.0)
    - React-Core (= 0.70.0)
    - React-jsi (= 0.70.0)
    - ReactCommon/turbomodule/core (= 0.70.0)
  - FBSDKCoreKit (12.3.2):
    - FBAEMKit (= 12.3.2)
    - FBSDKCoreKit_Basics (= 12.3.2)
  - FBSDKCoreKit_Basics (12.3.2)
  - FBSDKLoginKit (12.3.2):
    - FBSDKCoreKit (= 12.3.2)
  - FBSDKShareKit (12.3.2):
    - FBSDKCoreKit (= 12.3.2)
  - Firebase/Analytics (9.6.0):
    - Firebase/Core
  - Firebase/Auth (9.6.0):
    - Firebase/CoreOnly
    - FirebaseAuth (~> 9.6.0)
  - Firebase/Core (9.6.0):
    - Firebase/CoreOnly
    - FirebaseAnalytics (~> 9.6.0)
  - Firebase/CoreOnly (9.6.0):
    - FirebaseCore (= 9.6.0)
  - Firebase/Crashlytics (9.6.0):
    - Firebase/CoreOnly
    - FirebaseCrashlytics (~> 9.6.0)
  - Firebase/Messaging (9.6.0):
    - Firebase/CoreOnly
    - FirebaseMessaging (~> 9.6.0)
  - FirebaseAnalytics (9.6.0):
    - FirebaseAnalytics/AdIdSupport (= 9.6.0)
    - FirebaseCore (~> 9.0)
    - FirebaseInstallations (~> 9.0)
    - GoogleUtilities/AppDelegateSwizzler (~> 7.7)
    - GoogleUtilities/MethodSwizzler (~> 7.7)
    - GoogleUtilities/Network (~> 7.7)
    - "GoogleUtilities/NSData+zlib (~> 7.7)"
    - nanopb (< 2.30910.0, >= 2.30908.0)
  - FirebaseAnalytics/AdIdSupport (9.6.0):
    - FirebaseCore (~> 9.0)
    - FirebaseInstallations (~> 9.0)
    - GoogleAppMeasurement (= 9.6.0)
    - GoogleUtilities/AppDelegateSwizzler (~> 7.7)
    - GoogleUtilities/MethodSwizzler (~> 7.7)
    - GoogleUtilities/Network (~> 7.7)
    - "GoogleUtilities/NSData+zlib (~> 7.7)"
    - nanopb (< 2.30910.0, >= 2.30908.0)
  - FirebaseAuth (9.6.0):
    - FirebaseCore (~> 9.0)
    - GoogleUtilities/AppDelegateSwizzler (~> 7.7)
    - GoogleUtilities/Environment (~> 7.7)
    - GTMSessionFetcher/Core (< 3.0, >= 1.7)
  - FirebaseCore (9.6.0):
    - FirebaseCoreDiagnostics (~> 9.0)
    - FirebaseCoreInternal (~> 9.0)
    - GoogleUtilities/Environment (~> 7.7)
    - GoogleUtilities/Logger (~> 7.7)
  - FirebaseCoreDiagnostics (9.6.0):
    - GoogleDataTransport (< 10.0.0, >= 9.1.4)
    - GoogleUtilities/Environment (~> 7.7)
    - GoogleUtilities/Logger (~> 7.7)
    - nanopb (< 2.30910.0, >= 2.30908.0)
  - FirebaseCoreExtension (9.6.0):
    - FirebaseCore (~> 9.0)
  - FirebaseCoreInternal (9.6.0):
    - "GoogleUtilities/NSData+zlib (~> 7.7)"
  - FirebaseCrashlytics (9.6.0):
    - FirebaseCore (~> 9.0)
    - FirebaseInstallations (~> 9.0)
    - GoogleDataTransport (< 10.0.0, >= 9.1.4)
    - GoogleUtilities/Environment (~> 7.7)
    - nanopb (< 2.30910.0, >= 2.30908.0)
    - PromisesObjC (~> 2.1)
  - FirebaseInstallations (9.6.0):
    - FirebaseCore (~> 9.0)
    - GoogleUtilities/Environment (~> 7.7)
    - GoogleUtilities/UserDefaults (~> 7.7)
    - PromisesObjC (~> 2.1)
  - FirebaseMessaging (9.6.0):
    - FirebaseCore (~> 9.0)
    - FirebaseInstallations (~> 9.0)
    - GoogleDataTransport (< 10.0.0, >= 9.1.4)
    - GoogleUtilities/AppDelegateSwizzler (~> 7.7)
    - GoogleUtilities/Environment (~> 7.7)
    - GoogleUtilities/Reachability (~> 7.7)
    - GoogleUtilities/UserDefaults (~> 7.7)
    - nanopb (< 2.30910.0, >= 2.30908.0)
  - fmt (6.2.1)
  - glog (0.3.5)
  - GoogleAppMeasurement (9.6.0):
    - GoogleAppMeasurement/AdIdSupport (= 9.6.0)
    - GoogleUtilities/AppDelegateSwizzler (~> 7.7)
    - GoogleUtilities/MethodSwizzler (~> 7.7)
    - GoogleUtilities/Network (~> 7.7)
    - "GoogleUtilities/NSData+zlib (~> 7.7)"
    - nanopb (< 2.30910.0, >= 2.30908.0)
  - GoogleAppMeasurement/AdIdSupport (9.6.0):
    - GoogleAppMeasurement/WithoutAdIdSupport (= 9.6.0)
    - GoogleUtilities/AppDelegateSwizzler (~> 7.7)
    - GoogleUtilities/MethodSwizzler (~> 7.7)
    - GoogleUtilities/Network (~> 7.7)
    - "GoogleUtilities/NSData+zlib (~> 7.7)"
    - nanopb (< 2.30910.0, >= 2.30908.0)
  - GoogleAppMeasurement/WithoutAdIdSupport (9.6.0):
    - GoogleUtilities/AppDelegateSwizzler (~> 7.7)
    - GoogleUtilities/MethodSwizzler (~> 7.7)
    - GoogleUtilities/Network (~> 7.7)
    - "GoogleUtilities/NSData+zlib (~> 7.7)"
    - nanopb (< 2.30910.0, >= 2.30908.0)
  - GoogleDataTransport (9.3.0):
    - GoogleUtilities/Environment (~> 7.7)
    - nanopb (< 2.30910.0, >= 2.30908.0)
    - PromisesObjC (< 3.0, >= 1.2)
  - GoogleSignIn (5.0.2):
    - AppAuth (~> 1.2)
    - GTMAppAuth (~> 1.0)
    - GTMSessionFetcher/Core (~> 1.1)
  - GoogleUtilities/AppDelegateSwizzler (7.12.0):
    - GoogleUtilities/Environment
    - GoogleUtilities/Logger
    - GoogleUtilities/Network
  - GoogleUtilities/Environment (7.12.0):
    - PromisesObjC (< 3.0, >= 1.2)
  - GoogleUtilities/Logger (7.12.0):
    - GoogleUtilities/Environment
  - GoogleUtilities/MethodSwizzler (7.12.0):
    - GoogleUtilities/Logger
  - GoogleUtilities/Network (7.12.0):
    - GoogleUtilities/Logger
    - "GoogleUtilities/NSData+zlib"
    - GoogleUtilities/Reachability
  - "GoogleUtilities/NSData+zlib (7.12.0)"
  - GoogleUtilities/Reachability (7.12.0):
    - GoogleUtilities/Logger
  - GoogleUtilities/UserDefaults (7.12.0):
    - GoogleUtilities/Logger
  - GTMAppAuth (1.3.1):
    - AppAuth/Core (~> 1.6)
    - GTMSessionFetcher/Core (< 3.0, >= 1.5)
  - GTMSessionFetcher/Core (1.7.2)
  - hermes-engine (0.70.0)
  - libevent (2.1.12)
  - libwebp (1.3.2):
    - libwebp/demux (= 1.3.2)
    - libwebp/mux (= 1.3.2)
    - libwebp/sharpyuv (= 1.3.2)
    - libwebp/webp (= 1.3.2)
  - libwebp/demux (1.3.2):
    - libwebp/webp
  - libwebp/mux (1.3.2):
    - libwebp/demux
  - libwebp/sharpyuv (1.3.2)
  - libwebp/webp (1.3.2):
    - libwebp/sharpyuv
  - nanopb (2.30909.1):
    - nanopb/decode (= 2.30909.1)
    - nanopb/encode (= 2.30909.1)
  - nanopb/decode (2.30909.1)
  - nanopb/encode (2.30909.1)
  - PromisesObjC (2.3.1)
  - razorpay-pod (1.3.4)
  - RCT-Folly (2021.07.22.00):
    - boost
    - DoubleConversion
    - fmt (~> 6.2.1)
    - glog
    - RCT-Folly/Default (= 2021.07.22.00)
  - RCT-Folly/Default (2021.07.22.00):
    - boost
    - DoubleConversion
    - fmt (~> 6.2.1)
    - glog
  - RCT-Folly/Futures (2021.07.22.00):
    - boost
    - DoubleConversion
    - fmt (~> 6.2.1)
    - glog
    - libevent
  - RCTCallDetection (1.9.0):
    - React
  - RCTRequired (0.70.0)
  - RCTTypeSafety (0.70.0):
    - FBLazyVector (= 0.70.0)
    - RCTRequired (= 0.70.0)
    - React-Core (= 0.70.0)
  - RCTYouTube (2.0.2):
    - React
    - YoutubePlayer-in-WKWebView (~> 0.3.1)
  - React (0.70.0):
    - React-Core (= 0.70.0)
    - React-Core/DevSupport (= 0.70.0)
    - React-Core/RCTWebSocket (= 0.70.0)
    - React-RCTActionSheet (= 0.70.0)
    - React-RCTAnimation (= 0.70.0)
    - React-RCTBlob (= 0.70.0)
    - React-RCTImage (= 0.70.0)
    - React-RCTLinking (= 0.70.0)
    - React-RCTNetwork (= 0.70.0)
    - React-RCTSettings (= 0.70.0)
    - React-RCTText (= 0.70.0)
    - React-RCTVibration (= 0.70.0)
  - React-bridging (0.70.0):
    - RCT-Folly (= 2021.07.22.00)
    - React-jsi (= 0.70.0)
  - React-callinvoker (0.70.0)
  - React-Codegen (0.70.0):
    - FBReactNativeSpec (= 0.70.0)
    - RCT-Folly (= 2021.07.22.00)
    - RCTRequired (= 0.70.0)
    - RCTTypeSafety (= 0.70.0)
    - React-Core (= 0.70.0)
    - React-jsi (= 0.70.0)
    - React-jsiexecutor (= 0.70.0)
    - ReactCommon/turbomodule/core (= 0.70.0)
  - React-Core (0.70.0):
    - glog
    - RCT-Folly (= 2021.07.22.00)
    - React-Core/Default (= 0.70.0)
    - React-cxxreact (= 0.70.0)
    - React-jsi (= 0.70.0)
    - React-jsiexecutor (= 0.70.0)
    - React-perflogger (= 0.70.0)
    - Yoga
  - React-Core/CoreModulesHeaders (0.70.0):
    - glog
    - RCT-Folly (= 2021.07.22.00)
    - React-Core/Default
    - React-cxxreact (= 0.70.0)
    - React-jsi (= 0.70.0)
    - React-jsiexecutor (= 0.70.0)
    - React-perflogger (= 0.70.0)
    - Yoga
  - React-Core/Default (0.70.0):
    - glog
    - RCT-Folly (= 2021.07.22.00)
    - React-cxxreact (= 0.70.0)
    - React-jsi (= 0.70.0)
    - React-jsiexecutor (= 0.70.0)
    - React-perflogger (= 0.70.0)
    - Yoga
  - React-Core/DevSupport (0.70.0):
    - glog
    - RCT-Folly (= 2021.07.22.00)
    - React-Core/Default (= 0.70.0)
    - React-Core/RCTWebSocket (= 0.70.0)
    - React-cxxreact (= 0.70.0)
    - React-jsi (= 0.70.0)
    - React-jsiexecutor (= 0.70.0)
    - React-jsinspector (= 0.70.0)
    - React-perflogger (= 0.70.0)
    - Yoga
  - React-Core/RCTActionSheetHeaders (0.70.0):
    - glog
    - RCT-Folly (= 2021.07.22.00)
    - React-Core/Default
    - React-cxxreact (= 0.70.0)
    - React-jsi (= 0.70.0)
    - React-jsiexecutor (= 0.70.0)
    - React-perflogger (= 0.70.0)
    - Yoga
  - React-Core/RCTAnimationHeaders (0.70.0):
    - glog
    - RCT-Folly (= 2021.07.22.00)
    - React-Core/Default
    - React-cxxreact (= 0.70.0)
    - React-jsi (= 0.70.0)
    - React-jsiexecutor (= 0.70.0)
    - React-perflogger (= 0.70.0)
    - Yoga
  - React-Core/RCTBlobHeaders (0.70.0):
    - glog
    - RCT-Folly (= 2021.07.22.00)
    - React-Core/Default
    - React-cxxreact (= 0.70.0)
    - React-jsi (= 0.70.0)
    - React-jsiexecutor (= 0.70.0)
    - React-perflogger (= 0.70.0)
    - Yoga
  - React-Core/RCTImageHeaders (0.70.0):
    - glog
    - RCT-Folly (= 2021.07.22.00)
    - React-Core/Default
    - React-cxxreact (= 0.70.0)
    - React-jsi (= 0.70.0)
    - React-jsiexecutor (= 0.70.0)
    - React-perflogger (= 0.70.0)
    - Yoga
  - React-Core/RCTLinkingHeaders (0.70.0):
    - glog
    - RCT-Folly (= 2021.07.22.00)
    - React-Core/Default
    - React-cxxreact (= 0.70.0)
    - React-jsi (= 0.70.0)
    - React-jsiexecutor (= 0.70.0)
    - React-perflogger (= 0.70.0)
    - Yoga
  - React-Core/RCTNetworkHeaders (0.70.0):
    - glog
    - RCT-Folly (= 2021.07.22.00)
    - React-Core/Default
    - React-cxxreact (= 0.70.0)
    - React-jsi (= 0.70.0)
    - React-jsiexecutor (= 0.70.0)
    - React-perflogger (= 0.70.0)
    - Yoga
  - React-Core/RCTSettingsHeaders (0.70.0):
    - glog
    - RCT-Folly (= 2021.07.22.00)
    - React-Core/Default
    - React-cxxreact (= 0.70.0)
    - React-jsi (= 0.70.0)
    - React-jsiexecutor (= 0.70.0)
    - React-perflogger (= 0.70.0)
    - Yoga
  - React-Core/RCTTextHeaders (0.70.0):
    - glog
    - RCT-Folly (= 2021.07.22.00)
    - React-Core/Default
    - React-cxxreact (= 0.70.0)
    - React-jsi (= 0.70.0)
    - React-jsiexecutor (= 0.70.0)
    - React-perflogger (= 0.70.0)
    - Yoga
  - React-Core/RCTVibrationHeaders (0.70.0):
    - glog
    - RCT-Folly (= 2021.07.22.00)
    - React-Core/Default
    - React-cxxreact (= 0.70.0)
    - React-jsi (= 0.70.0)
    - React-jsiexecutor (= 0.70.0)
    - React-perflogger (= 0.70.0)
    - Yoga
  - React-Core/RCTWebSocket (0.70.0):
    - glog
    - RCT-Folly (= 2021.07.22.00)
    - React-Core/Default (= 0.70.0)
    - React-cxxreact (= 0.70.0)
    - React-jsi (= 0.70.0)
    - React-jsiexecutor (= 0.70.0)
    - React-perflogger (= 0.70.0)
    - Yoga
  - React-CoreModules (0.70.0):
    - RCT-Folly (= 2021.07.22.00)
    - RCTTypeSafety (= 0.70.0)
    - React-Codegen (= 0.70.0)
    - React-Core/CoreModulesHeaders (= 0.70.0)
    - React-jsi (= 0.70.0)
    - React-RCTImage (= 0.70.0)
    - ReactCommon/turbomodule/core (= 0.70.0)
  - React-cxxreact (0.70.0):
    - boost (= 1.76.0)
    - DoubleConversion
    - glog
    - RCT-Folly (= 2021.07.22.00)
    - React-callinvoker (= 0.70.0)
    - React-jsi (= 0.70.0)
    - React-jsinspector (= 0.70.0)
    - React-logger (= 0.70.0)
    - React-perflogger (= 0.70.0)
    - React-runtimeexecutor (= 0.70.0)
  - React-hermes (0.70.0):
    - DoubleConversion
    - glog
    - hermes-engine
    - RCT-Folly (= 2021.07.22.00)
    - RCT-Folly/Futures (= 2021.07.22.00)
    - React-cxxreact (= 0.70.0)
    - React-jsi (= 0.70.0)
    - React-jsiexecutor (= 0.70.0)
    - React-jsinspector (= 0.70.0)
    - React-perflogger (= 0.70.0)
  - React-jsi (0.70.0):
    - boost (= 1.76.0)
    - DoubleConversion
    - glog
    - RCT-Folly (= 2021.07.22.00)
    - React-jsi/Default (= 0.70.0)
  - React-jsi/Default (0.70.0):
    - boost (= 1.76.0)
    - DoubleConversion
    - glog
    - RCT-Folly (= 2021.07.22.00)
  - React-jsiexecutor (0.70.0):
    - DoubleConversion
    - glog
    - RCT-Folly (= 2021.07.22.00)
    - React-cxxreact (= 0.70.0)
    - React-jsi (= 0.70.0)
    - React-perflogger (= 0.70.0)
  - React-jsinspector (0.70.0)
  - React-logger (0.70.0):
    - glog
  - react-native-background-actions (3.0.0):
    - React-Core
  - react-native-background-timer (2.4.1):
    - React-Core
  - react-native-blob-util (0.19.6):
    - React-Core
  - react-native-contacts (7.0.5):
    - React-Core
  - react-native-document-picker (8.2.1):
    - React-Core
  - react-native-fbsdk-next (7.3.3):
    - React-Core
    - react-native-fbsdk-next/Core (= 7.3.3)
    - react-native-fbsdk-next/Login (= 7.3.3)
    - react-native-fbsdk-next/Share (= 7.3.3)
  - react-native-fbsdk-next/Core (7.3.3):
    - FBSDKCoreKit (~> 12.3.2)
    - React-Core
  - react-native-fbsdk-next/Login (7.3.3):
    - FBSDKLoginKit (~> 12.3.2)
    - React-Core
  - react-native-fbsdk-next/Share (7.3.3):
    - FBSDKShareKit (~> 12.3.2)
    - React-Core
  - react-native-geolocation (3.0.6):
    - React-Core
  - react-native-maps (1.3.2):
    - React-Core
  - react-native-netinfo (9.3.0):
    - React-Core
  - react-native-otp-verify (1.1.5):
    - React-Core
  - react-native-pager-view (6.0.1):
    - React-Core
  - react-native-pdf (6.7.1):
    - React-Core
  - react-native-razorpay (2.3.0):
    - razorpay-pod
    - React
  - react-native-safe-area-context (4.3.3):
    - RCT-Folly
    - RCTRequired
    - RCTTypeSafety
    - React-Core
    - ReactCommon/turbomodule/core
  - react-native-sensitive-info (5.5.8):
    - React
  - react-native-splash-screen (3.3.0):
    - React-Core
  - react-native-track-player (3.2.0):
    - React-Core
    - SwiftAudioEx (= 0.15.3)
  - react-native-webview (11.26.1):
    - React-Core
  - React-perflogger (0.70.0)
  - React-RCTActionSheet (0.70.0):
    - React-Core/RCTActionSheetHeaders (= 0.70.0)
  - React-RCTAnimation (0.70.0):
    - RCT-Folly (= 2021.07.22.00)
    - RCTTypeSafety (= 0.70.0)
    - React-Codegen (= 0.70.0)
    - React-Core/RCTAnimationHeaders (= 0.70.0)
    - React-jsi (= 0.70.0)
    - ReactCommon/turbomodule/core (= 0.70.0)
  - React-RCTBlob (0.70.0):
    - RCT-Folly (= 2021.07.22.00)
    - React-Codegen (= 0.70.0)
    - React-Core/RCTBlobHeaders (= 0.70.0)
    - React-Core/RCTWebSocket (= 0.70.0)
    - React-jsi (= 0.70.0)
    - React-RCTNetwork (= 0.70.0)
    - ReactCommon/turbomodule/core (= 0.70.0)
  - React-RCTImage (0.70.0):
    - RCT-Folly (= 2021.07.22.00)
    - RCTTypeSafety (= 0.70.0)
    - React-Codegen (= 0.70.0)
    - React-Core/RCTImageHeaders (= 0.70.0)
    - React-jsi (= 0.70.0)
    - React-RCTNetwork (= 0.70.0)
    - ReactCommon/turbomodule/core (= 0.70.0)
  - React-RCTLinking (0.70.0):
    - React-Codegen (= 0.70.0)
    - React-Core/RCTLinkingHeaders (= 0.70.0)
    - React-jsi (= 0.70.0)
    - ReactCommon/turbomodule/core (= 0.70.0)
  - React-RCTNetwork (0.70.0):
    - RCT-Folly (= 2021.07.22.00)
    - RCTTypeSafety (= 0.70.0)
    - React-Codegen (= 0.70.0)
    - React-Core/RCTNetworkHeaders (= 0.70.0)
    - React-jsi (= 0.70.0)
    - ReactCommon/turbomodule/core (= 0.70.0)
  - React-RCTSettings (0.70.0):
    - RCT-Folly (= 2021.07.22.00)
    - RCTTypeSafety (= 0.70.0)
    - React-Codegen (= 0.70.0)
    - React-Core/RCTSettingsHeaders (= 0.70.0)
    - React-jsi (= 0.70.0)
    - ReactCommon/turbomodule/core (= 0.70.0)
  - React-RCTText (0.70.0):
    - React-Core/RCTTextHeaders (= 0.70.0)
  - React-RCTVibration (0.70.0):
    - RCT-Folly (= 2021.07.22.00)
    - React-Codegen (= 0.70.0)
    - React-Core/RCTVibrationHeaders (= 0.70.0)
    - React-jsi (= 0.70.0)
    - ReactCommon/turbomodule/core (= 0.70.0)
  - React-runtimeexecutor (0.70.0):
    - React-jsi (= 0.70.0)
  - ReactCommon/turbomodule/core (0.70.0):
    - DoubleConversion
    - glog
    - RCT-Folly (= 2021.07.22.00)
    - React-bridging (= 0.70.0)
    - React-callinvoker (= 0.70.0)
    - React-Core (= 0.70.0)
    - React-cxxreact (= 0.70.0)
    - React-jsi (= 0.70.0)
    - React-logger (= 0.70.0)
    - React-perflogger (= 0.70.0)
  - rn-direct-phone-call (0.1.2):
    - React-Core
  - RNAppleAuthentication (2.3.0):
    - React-Core
  - RNCAsyncStorage (1.12.1):
    - React-Core
  - RNCClipboard (1.11.2):
    - React-Core
  - RNCPicker (2.4.10):
    - React-Core
  - RNCPushNotificationIOS (1.11.0):
    - React-Core
  - RNDateTimePicker (6.5.2):
    - React-Core
  - RNEmbrace (1.1.1):
    - EmbraceIO (= 5.20.1)
    - React-Core
  - RNFastImage (8.6.1):
    - React-Core
    - SDWebImage (~> 5.11.1)
    - SDWebImageWebPCoder (~> 0.8.4)
  - RNFBAnalytics (17.5.0):
    - Firebase/Analytics (= 9.6.0)
    - React-Core
    - RNFBApp
  - RNFBApp (17.5.0):
    - Firebase/CoreOnly (= 9.6.0)
    - React-Core
  - RNFBAuth (17.5.0):
    - Firebase/Auth (= 9.6.0)
    - React-Core
    - RNFBApp
  - RNFBCrashlytics (17.5.0):
    - Firebase/Crashlytics (= 9.6.0)
    - FirebaseCoreExtension (= 9.6.0)
    - React-Core
    - RNFBApp
  - RNFBMessaging (17.5.0):
    - Firebase/Messaging (= 9.6.0)
    - FirebaseCoreExtension (= 9.6.0)
    - React-Core
    - RNFBApp
  - RNFS (2.20.0):
    - React-Core
  - RNGestureHandler (2.14.1):
    - React-Core
  - RNGoogleSignin (2.1.1):
    - GoogleSignIn (~> 5.0.0)
    - React
  - RNIap (12.10.8):
    - React-Core
  - RNImageCropPicker (0.38.0):
    - React-Core
    - React-RCTImage
    - RNImageCropPicker/QBImagePickerController (= 0.38.0)
    - TOCropViewController
  - RNImageCropPicker/QBImagePickerController (0.38.0):
    - React-Core
    - React-RCTImage
    - TOCropViewController
  - RNPermissions (3.10.1):
    - React-Core
  - RNReanimated (3.6.2):
    - DoubleConversion
    - FBLazyVector
    - FBReactNativeSpec
    - glog
    - hermes-engine
    - RCT-Folly
    - RCTRequired
    - RCTTypeSafety
    - React-callinvoker
    - React-Core
    - React-Core/DevSupport
    - React-Core/RCTWebSocket
    - React-CoreModules
    - React-cxxreact
    - React-hermes
    - React-jsi
    - React-jsiexecutor
    - React-jsinspector
    - React-RCTActionSheet
    - React-RCTAnimation
    - React-RCTBlob
    - React-RCTImage
    - React-RCTLinking
    - React-RCTNetwork
    - React-RCTSettings
    - React-RCTText
    - ReactCommon/turbomodule/core
    - Yoga
  - RNScreens (3.20.0):
    - React-Core
    - React-RCTImage
  - RNSentry (4.8.0):
    - React-Core
    - Sentry (= 7.29.0)
  - RNShare (7.9.0):
    - React-Core
  - RNSVG (13.1.0):
    - React-Core
  - SDWebImage (5.11.1):
    - SDWebImage/Core (= 5.11.1)
  - SDWebImage/Core (5.11.1)
  - SDWebImageWebPCoder (0.8.5):
    - libwebp (~> 1.0)
    - SDWebImage/Core (~> 5.10)
  - Sentry (7.29.0):
    - Sentry/Core (= 7.29.0)
  - Sentry/Core (7.29.0)
  - Stripe (23.12.0):
    - StripeApplePay (= 23.12.0)
    - StripeCore (= 23.12.0)
    - StripePayments (= 23.12.0)
    - StripePaymentsUI (= 23.12.0)
    - StripeUICore (= 23.12.0)
  - stripe-react-native (0.30.0):
    - React-Core
    - Stripe (~> 23.12.0)
    - StripeApplePay (~> 23.12.0)
    - StripeFinancialConnections (~> 23.12.0)
    - StripePayments (~> 23.12.0)
    - StripePaymentSheet (~> 23.12.0)
    - StripePaymentsUI (~> 23.12.0)
  - StripeApplePay (23.12.0):
    - StripeCore (= 23.12.0)
  - StripeCore (23.12.0)
  - StripeFinancialConnections (23.12.0):
    - StripeCore (= 23.12.0)
    - StripeUICore (= 23.12.0)
  - StripePayments (23.12.0):
    - StripeCore (= 23.12.0)
    - StripePayments/Stripe3DS2 (= 23.12.0)
  - StripePayments/Stripe3DS2 (23.12.0):
    - StripeCore (= 23.12.0)
  - StripePaymentSheet (23.12.0):
    - StripeApplePay (= 23.12.0)
    - StripeCore (= 23.12.0)
    - StripePayments (= 23.12.0)
    - StripePaymentsUI (= 23.12.0)
  - StripePaymentsUI (23.12.0):
    - StripeCore (= 23.12.0)
    - StripePayments (= 23.12.0)
    - StripeUICore (= 23.12.0)
  - StripeUICore (23.12.0):
    - StripeCore (= 23.12.0)
  - SwiftAudioEx (0.15.3)
  - TOCropViewController (2.6.1)
  - Yoga (1.14.0)
  - YoutubePlayer-in-WKWebView (0.3.8)

DEPENDENCIES:
  - boost (from `../node_modules/react-native/third-party-podspecs/boost.podspec`)
  - callerid-module (from `../node_modules/callerid-module`)
  - DoubleConversion (from `../node_modules/react-native/third-party-podspecs/DoubleConversion.podspec`)
  - FBLazyVector (from `../node_modules/react-native/Libraries/FBLazyVector`)
  - FBReactNativeSpec (from `../node_modules/react-native/React/FBReactNativeSpec`)
  - glog (from `../node_modules/react-native/third-party-podspecs/glog.podspec`)
  - hermes-engine (from `../node_modules/react-native/sdks/hermes/hermes-engine.podspec`)
  - libevent (~> 2.1.12)
  - RCT-Folly (from `../node_modules/react-native/third-party-podspecs/RCT-Folly.podspec`)
  - RCTCallDetection (from `../node_modules/react-native-call-detection`)
  - RCTRequired (from `../node_modules/react-native/Libraries/RCTRequired`)
  - RCTTypeSafety (from `../node_modules/react-native/Libraries/TypeSafety`)
  - RCTYouTube (from `../node_modules/react-native-youtube`)
  - React (from `../node_modules/react-native/`)
  - React-bridging (from `../node_modules/react-native/ReactCommon`)
  - React-callinvoker (from `../node_modules/react-native/ReactCommon/callinvoker`)
  - React-Codegen (from `build/generated/ios`)
  - React-Core (from `../node_modules/react-native/`)
  - React-Core/RCTWebSocket (from `../node_modules/react-native/`)
  - React-CoreModules (from `../node_modules/react-native/React/CoreModules`)
  - React-cxxreact (from `../node_modules/react-native/ReactCommon/cxxreact`)
  - React-hermes (from `../node_modules/react-native/ReactCommon/hermes`)
  - React-jsi (from `../node_modules/react-native/ReactCommon/jsi`)
  - React-jsiexecutor (from `../node_modules/react-native/ReactCommon/jsiexecutor`)
  - React-jsinspector (from `../node_modules/react-native/ReactCommon/jsinspector`)
  - React-logger (from `../node_modules/react-native/ReactCommon/logger`)
  - react-native-background-actions (from `../node_modules/react-native-background-actions`)
  - react-native-background-timer (from `../node_modules/react-native-background-timer`)
  - react-native-blob-util (from `../node_modules/react-native-blob-util`)
  - react-native-contacts (from `../node_modules/react-native-contacts`)
  - react-native-document-picker (from `../node_modules/react-native-document-picker`)
  - react-native-fbsdk-next (from `../node_modules/react-native-fbsdk-next`)
  - "react-native-geolocation (from `../node_modules/@react-native-community/geolocation`)"
  - react-native-maps (from `../node_modules/react-native-maps`)
  - "react-native-netinfo (from `../node_modules/@react-native-community/netinfo`)"
  - react-native-otp-verify (from `../node_modules/react-native-otp-verify`)
  - react-native-pager-view (from `../node_modules/react-native-pager-view`)
  - react-native-pdf (from `../node_modules/react-native-pdf`)
  - react-native-razorpay (from `../node_modules/react-native-razorpay`)
  - react-native-safe-area-context (from `../node_modules/react-native-safe-area-context`)
  - react-native-sensitive-info (from `../node_modules/react-native-sensitive-info`)
  - react-native-splash-screen (from `../node_modules/react-native-splash-screen`)
  - react-native-track-player (from `../node_modules/react-native-track-player`)
  - react-native-webview (from `../node_modules/react-native-webview`)
  - React-perflogger (from `../node_modules/react-native/ReactCommon/reactperflogger`)
  - React-RCTActionSheet (from `../node_modules/react-native/Libraries/ActionSheetIOS`)
  - React-RCTAnimation (from `../node_modules/react-native/Libraries/NativeAnimation`)
  - React-RCTBlob (from `../node_modules/react-native/Libraries/Blob`)
  - React-RCTImage (from `../node_modules/react-native/Libraries/Image`)
  - React-RCTLinking (from `../node_modules/react-native/Libraries/LinkingIOS`)
  - React-RCTNetwork (from `../node_modules/react-native/Libraries/Network`)
  - React-RCTSettings (from `../node_modules/react-native/Libraries/Settings`)
  - React-RCTText (from `../node_modules/react-native/Libraries/Text`)
  - React-RCTVibration (from `../node_modules/react-native/Libraries/Vibration`)
  - React-runtimeexecutor (from `../node_modules/react-native/ReactCommon/runtimeexecutor`)
  - ReactCommon/turbomodule/core (from `../node_modules/react-native/ReactCommon`)
  - rn-direct-phone-call (from `../node_modules/rn-direct-phone-call`)
  - "RNAppleAuthentication (from `../node_modules/@invertase/react-native-apple-authentication`)"
  - "RNCAsyncStorage (from `../node_modules/@react-native-community/async-storage`)"
  - "RNCClipboard (from `../node_modules/@react-native-clipboard/clipboard`)"
  - "RNCPicker (from `../node_modules/@react-native-picker/picker`)"
  - "RNCPushNotificationIOS (from `../node_modules/@react-native-community/push-notification-ios`)"
  - "RNDateTimePicker (from `../node_modules/@react-native-community/datetimepicker`)"
  - RNEmbrace (from `../node_modules/react-native-embrace`)
  - RNFastImage (from `../node_modules/react-native-fast-image`)
  - "RNFBAnalytics (from `../node_modules/@react-native-firebase/analytics`)"
  - "RNFBApp (from `../node_modules/@react-native-firebase/app`)"
  - "RNFBAuth (from `../node_modules/@react-native-firebase/auth`)"
  - "RNFBCrashlytics (from `../node_modules/@react-native-firebase/crashlytics`)"
  - "RNFBMessaging (from `../node_modules/@react-native-firebase/messaging`)"
  - RNFS (from `../node_modules/react-native-fs`)
  - RNGestureHandler (from `../node_modules/react-native-gesture-handler`)
  - RNGoogleSignin (from `../node_modules/react-native-google-signin`)
  - RNIap (from `../node_modules/react-native-iap`)
  - RNImageCropPicker (from `../node_modules/react-native-image-crop-picker`)
  - RNPermissions (from `../node_modules/react-native-permissions`)
  - RNReanimated (from `../node_modules/react-native-reanimated`)
  - RNScreens (from `../node_modules/react-native-screens`)
  - "RNSentry (from `../node_modules/@sentry/react-native`)"
  - RNShare (from `../node_modules/react-native-share`)
  - RNSVG (from `../node_modules/react-native-svg`)
  - "stripe-react-native (from `../node_modules/@stripe/stripe-react-native`)"
  - Yoga (from `../node_modules/react-native/ReactCommon/yoga`)

SPEC REPOS:
  trunk:
    - AppAuth
    - EmbraceIO
    - FBAEMKit
    - FBSDKCoreKit
    - FBSDKCoreKit_Basics
    - FBSDKLoginKit
    - FBSDKShareKit
    - Firebase
    - FirebaseAnalytics
    - FirebaseAuth
    - FirebaseCore
    - FirebaseCoreDiagnostics
    - FirebaseCoreExtension
    - FirebaseCoreInternal
    - FirebaseCrashlytics
    - FirebaseInstallations
    - FirebaseMessaging
    - fmt
    - GoogleAppMeasurement
    - GoogleDataTransport
    - GoogleSignIn
    - GoogleUtilities
    - GTMAppAuth
    - GTMSessionFetcher
    - libevent
    - libwebp
    - nanopb
    - PromisesObjC
    - razorpay-pod
    - SDWebImage
    - SDWebImageWebPCoder
    - Sentry
    - Stripe
    - StripeApplePay
    - StripeCore
    - StripeFinancialConnections
    - StripePayments
    - StripePaymentSheet
    - StripePaymentsUI
    - StripeUICore
    - SwiftAudioEx
    - TOCropViewController
    - YoutubePlayer-in-WKWebView

EXTERNAL SOURCES:
  boost:
    :podspec: "../node_modules/react-native/third-party-podspecs/boost.podspec"
  callerid-module:
    :path: "../node_modules/callerid-module"
  DoubleConversion:
    :podspec: "../node_modules/react-native/third-party-podspecs/DoubleConversion.podspec"
  FBLazyVector:
    :path: "../node_modules/react-native/Libraries/FBLazyVector"
  FBReactNativeSpec:
    :path: "../node_modules/react-native/React/FBReactNativeSpec"
  glog:
    :podspec: "../node_modules/react-native/third-party-podspecs/glog.podspec"
  hermes-engine:
    :podspec: "../node_modules/react-native/sdks/hermes/hermes-engine.podspec"
  RCT-Folly:
    :podspec: "../node_modules/react-native/third-party-podspecs/RCT-Folly.podspec"
  RCTCallDetection:
    :path: "../node_modules/react-native-call-detection"
  RCTRequired:
    :path: "../node_modules/react-native/Libraries/RCTRequired"
  RCTTypeSafety:
    :path: "../node_modules/react-native/Libraries/TypeSafety"
  RCTYouTube:
    :path: "../node_modules/react-native-youtube"
  React:
    :path: "../node_modules/react-native/"
  React-bridging:
    :path: "../node_modules/react-native/ReactCommon"
  React-callinvoker:
    :path: "../node_modules/react-native/ReactCommon/callinvoker"
  React-Codegen:
    :path: build/generated/ios
  React-Core:
    :path: "../node_modules/react-native/"
  React-CoreModules:
    :path: "../node_modules/react-native/React/CoreModules"
  React-cxxreact:
    :path: "../node_modules/react-native/ReactCommon/cxxreact"
  React-hermes:
    :path: "../node_modules/react-native/ReactCommon/hermes"
  React-jsi:
    :path: "../node_modules/react-native/ReactCommon/jsi"
  React-jsiexecutor:
    :path: "../node_modules/react-native/ReactCommon/jsiexecutor"
  React-jsinspector:
    :path: "../node_modules/react-native/ReactCommon/jsinspector"
  React-logger:
    :path: "../node_modules/react-native/ReactCommon/logger"
  react-native-background-actions:
    :path: "../node_modules/react-native-background-actions"
  react-native-background-timer:
    :path: "../node_modules/react-native-background-timer"
  react-native-blob-util:
    :path: "../node_modules/react-native-blob-util"
  react-native-contacts:
    :path: "../node_modules/react-native-contacts"
  react-native-document-picker:
    :path: "../node_modules/react-native-document-picker"
  react-native-fbsdk-next:
    :path: "../node_modules/react-native-fbsdk-next"
  react-native-geolocation:
    :path: "../node_modules/@react-native-community/geolocation"
  react-native-maps:
    :path: "../node_modules/react-native-maps"
  react-native-netinfo:
    :path: "../node_modules/@react-native-community/netinfo"
  react-native-otp-verify:
    :path: "../node_modules/react-native-otp-verify"
  react-native-pager-view:
    :path: "../node_modules/react-native-pager-view"
  react-native-pdf:
    :path: "../node_modules/react-native-pdf"
  react-native-razorpay:
    :path: "../node_modules/react-native-razorpay"
  react-native-safe-area-context:
    :path: "../node_modules/react-native-safe-area-context"
  react-native-sensitive-info:
    :path: "../node_modules/react-native-sensitive-info"
  react-native-splash-screen:
    :path: "../node_modules/react-native-splash-screen"
  react-native-track-player:
    :path: "../node_modules/react-native-track-player"
  react-native-webview:
    :path: "../node_modules/react-native-webview"
  React-perflogger:
    :path: "../node_modules/react-native/ReactCommon/reactperflogger"
  React-RCTActionSheet:
    :path: "../node_modules/react-native/Libraries/ActionSheetIOS"
  React-RCTAnimation:
    :path: "../node_modules/react-native/Libraries/NativeAnimation"
  React-RCTBlob:
    :path: "../node_modules/react-native/Libraries/Blob"
  React-RCTImage:
    :path: "../node_modules/react-native/Libraries/Image"
  React-RCTLinking:
    :path: "../node_modules/react-native/Libraries/LinkingIOS"
  React-RCTNetwork:
    :path: "../node_modules/react-native/Libraries/Network"
  React-RCTSettings:
    :path: "../node_modules/react-native/Libraries/Settings"
  React-RCTText:
    :path: "../node_modules/react-native/Libraries/Text"
  React-RCTVibration:
    :path: "../node_modules/react-native/Libraries/Vibration"
  React-runtimeexecutor:
    :path: "../node_modules/react-native/ReactCommon/runtimeexecutor"
  ReactCommon:
    :path: "../node_modules/react-native/ReactCommon"
  rn-direct-phone-call:
    :path: "../node_modules/rn-direct-phone-call"
  RNAppleAuthentication:
    :path: "../node_modules/@invertase/react-native-apple-authentication"
  RNCAsyncStorage:
    :path: "../node_modules/@react-native-community/async-storage"
  RNCClipboard:
    :path: "../node_modules/@react-native-clipboard/clipboard"
  RNCPicker:
    :path: "../node_modules/@react-native-picker/picker"
  RNCPushNotificationIOS:
    :path: "../node_modules/@react-native-community/push-notification-ios"
  RNDateTimePicker:
    :path: "../node_modules/@react-native-community/datetimepicker"
  RNEmbrace:
    :path: "../node_modules/react-native-embrace"
  RNFastImage:
    :path: "../node_modules/react-native-fast-image"
  RNFBAnalytics:
    :path: "../node_modules/@react-native-firebase/analytics"
  RNFBApp:
    :path: "../node_modules/@react-native-firebase/app"
  RNFBAuth:
    :path: "../node_modules/@react-native-firebase/auth"
  RNFBCrashlytics:
    :path: "../node_modules/@react-native-firebase/crashlytics"
  RNFBMessaging:
    :path: "../node_modules/@react-native-firebase/messaging"
  RNFS:
    :path: "../node_modules/react-native-fs"
  RNGestureHandler:
    :path: "../node_modules/react-native-gesture-handler"
  RNGoogleSignin:
    :path: "../node_modules/react-native-google-signin"
  RNIap:
    :path: "../node_modules/react-native-iap"
  RNImageCropPicker:
    :path: "../node_modules/react-native-image-crop-picker"
  RNPermissions:
    :path: "../node_modules/react-native-permissions"
  RNReanimated:
    :path: "../node_modules/react-native-reanimated"
  RNScreens:
    :path: "../node_modules/react-native-screens"
  RNSentry:
    :path: "../node_modules/@sentry/react-native"
  RNShare:
    :path: "../node_modules/react-native-share"
  RNSVG:
    :path: "../node_modules/react-native-svg"
  stripe-react-native:
    :path: "../node_modules/@stripe/stripe-react-native"
  Yoga:
    :path: "../node_modules/react-native/ReactCommon/yoga"

SPEC CHECKSUMS:
  AppAuth: 3bb1d1cd9340bd09f5ed189fb00b1cc28e1e8570
  boost: a7c83b31436843459a1961bfd74b96033dc77234
  callerid-module: db34e452e06f68c8066693b7607ebf96e54ab1de
  DoubleConversion: 5189b271737e1565bdce30deb4a08d647e3f5f54
  EmbraceIO: 8d6b1ccc9525b7f231c4f3d06964160f7b9ef334
  FBAEMKit: 955ca52eba8219c20f90774e8c6ff8bc7b3192a3
  FBLazyVector: 6c76fe46345039d5cf0549e9ddaf5aa169630a4a
  FBReactNativeSpec: 1a270246542f5c52248cb26a96db119cfe3cb760
  FBSDKCoreKit: 678f64eda3f0ff25c189c2ebbfe87b1d96a85a6d
  FBSDKCoreKit_Basics: 6bee7c1f0932432901781203fa5e587ec5099148
  FBSDKLoginKit: 56d55e23fe66a6db045826190b0b4dbc0e1ca0a0
  FBSDKShareKit: 4ef957addab76816116ea92bd872e792f7137669
  Firebase: 5ae8b7cf8efce559a653aef0ad95bab3f427c351
  FirebaseAnalytics: 89ad762c6c3852a685794174757e2c60a36b6a82
  FirebaseAuth: e4a5d3c36e778e41141b91cc861103a441d80bcc
  FirebaseCore: 2082fffcd855f95f883c0a1641133eb9bbe76d40
  FirebaseCoreDiagnostics: 99a495094b10a57eeb3ae8efa1665700ad0bdaa6
  FirebaseCoreExtension: e83465d1236b166d1d445bbf0e82b65acb30b73b
  FirebaseCoreInternal: bca76517fe1ed381e989f5e7d8abb0da8d85bed3
  FirebaseCrashlytics: 3210572ddb77801e5a0bd9d7bc890769f2066a0c
  FirebaseInstallations: 0a115432c4e223c5ab20b0dbbe4cbefa793a0e8e
  FirebaseMessaging: a4d7910e4af663c9cbfc1071c5bef34651690949
  fmt: ff9d55029c625d3757ed641535fd4a75fedc7ce9
  glog: 04b94705f318337d7ead9e6d17c019bd9b1f6b1b
  GoogleAppMeasurement: 6de2b1a69e4326eb82ee05d138f6a5cb7311bcb1
  GoogleDataTransport: 57c22343ab29bc686febbf7cbb13bad167c2d8fe
  GoogleSignIn: 7137d297ddc022a7e0aa4619c86d72c909fa7213
  GoogleUtilities: 0759d1a57ebb953965c2dfe0ba4c82e95ccc2e34
  GTMAppAuth: 0ff230db599948a9ad7470ca667337803b3fc4dd
  GTMSessionFetcher: 5595ec75acf5be50814f81e9189490412bad82ba
  hermes-engine: 8e84f1284180801c1a1b241f443ba64f931ff561
  libevent: 4049cae6c81cdb3654a443be001fb9bdceff7913
  libwebp: 1786c9f4ff8a279e4dac1e8f385004d5fc253009
  nanopb: d4d75c12cd1316f4a64e3c6963f879ecd4b5e0d5
  PromisesObjC: c50d2056b5253dadbd6c2bea79b0674bd5a52fa4
  razorpay-pod: df3aa440969489d242c40ec606db9a0c7095743f
  RCT-Folly: 0080d0a6ebf2577475bda044aa59e2ca1f909cda
  RCTCallDetection: c27a0ca2c29d8e8004bebd31353fe1041408e88e
  RCTRequired: d0e501e8024056451424aa341daa078c0c620b0d
  RCTTypeSafety: 14a3928ef69eeb4e5bb4f36fefb5ed6a392643ac
  RCTYouTube: a8bb45705622a6fc9decf64be04128d3658ed411
  React: a76fa5a8f540c9625fc16cfb3a7bbae9877716d5
  React-bridging: 3b8c4365cf22dc668cb4f29eafd83ace49a87835
  React-callinvoker: 0b108cf2d78be04f46f5e5fff53acfd019f8b9ab
  React-Codegen: 2f3419b3a3c825ccb6a399bcf0db53b9761235ed
  React-Core: 0a760f00a2cf3f44324266c227b01594f95ef7a0
  React-CoreModules: 4c5bc80e046efcb695d826ba276567051f91321e
  React-cxxreact: b07535295fd2c773a681f09d87dcba342e46dc7d
  React-hermes: 05a55bdc1b6887fdaf7a871f59728a007ddee30b
  React-jsi: baa181d7aa5867d5438f7969a257846cd7a97559
  React-jsiexecutor: be588b7abbea4f1d03840bc675d68d99380e5bf3
  React-jsinspector: bd839d6c2c28e49fe1373f055735d2abecbd6cf3
  React-logger: 48d82b9be8e44d86668de4453fdb60255516388b
  react-native-background-actions: 30c71460dd98a2aaae31f6f5c87546dd243b8921
  react-native-background-timer: 17ea5e06803401a379ebf1f20505b793ac44d0fe
  react-native-blob-util: d8fa1a7f726867907a8e43163fdd8b441d4489ea
  react-native-contacts: 0aa99963d8f29099d4725cd0d2f8b6ef5f0d9a2d
  react-native-document-picker: 69ca2094d8780cfc1e7e613894d15290fdc54bba
  react-native-fbsdk-next: 6d497a06fc5c33360f5794b4428a0236789a60e6
  react-native-geolocation: 0f7fe8a4c2de477e278b0365cce27d089a8c5903
  react-native-maps: 085f614cf14d3637b2048bb9752da5b1c27c2886
  react-native-netinfo: 129bd99f607a2dc5bb096168f3e5c150fd1f1c95
  react-native-otp-verify: a9f66c6828e5cc7b761afd46420d80c767bcf3df
  react-native-pager-view: 3051346698a0ba0c4e13e40097cc11b00ee03cca
  react-native-pdf: 7c0e91ada997bac8bac3bb5bea5b6b81f5a3caae
  react-native-razorpay: 0272dd684bc9148828c54a72e05059e3e2e8b813
  react-native-safe-area-context: b456e1c40ec86f5593d58b275bd0e9603169daca
  react-native-sensitive-info: 400c6e3d27945e15c8cddb5b4b92233c85ee06f8
  react-native-splash-screen: 4312f786b13a81b5169ef346d76d33bc0c6dc457
  react-native-track-player: 0c26d981b5097910486cbbeb6d8f5352d41be069
  react-native-webview: 9f111dfbcfc826084d6c507f569e5e03342ee1c1
  React-perflogger: 77947e49d84e31eb87d454d4ef327542dcfeaebc
  React-RCTActionSheet: 9f5fd6c1666c1a834ab7f45a452ed08b1de44eb8
  React-RCTAnimation: 6fd3db6ca387c8432fd6a26428e940a081bcb476
  React-RCTBlob: 43ff9a00ea606c911c14da74a5bd0a07b54d0c34
  React-RCTImage: 10ef13883116c1fd67ec3229d96556893771f747
  React-RCTLinking: ff75f970da9e1b0491cfe642f34d8a1ab5338715
  React-RCTNetwork: 0528cb19329a0764061ec053c4e3ab8a52ad8741
  React-RCTSettings: 26ef15ef3a9019fc09f4f8264f5ca79bf4dfc6de
  React-RCTText: 4eeb0a8afd28d691f0bd4c104bf3234d79c78b0c
  React-RCTVibration: 5499b77c0fd57f346a5f0b36bb79fdb020d17d3e
  React-runtimeexecutor: 80c195ffcafb190f531fdc849dc2d19cb4bb2b34
  ReactCommon: de55f940495d7bf87b5d7bf55b5b15cdd50d7d7b
  rn-direct-phone-call: 00197c33d93de471faae89035f1da4b86e4de4f7
  RNAppleAuthentication: e99eaf3c4c01ad8ecb6125dd6f0cfd98871685b5
  RNCAsyncStorage: b03032fdbdb725bea0bd9e5ec5a7272865ae7398
  RNCClipboard: 3f0451a8100393908bea5c5c5b16f96d45f30bfc
  RNCPicker: 0bc2f0a29abcca7b7ed44a2d036aac9ab6d25700
  RNCPushNotificationIOS: 64218f3c776c03d7408284a819b2abfda1834bc8
  RNDateTimePicker: 3f32aa2247836c12618d346113e5e82ea60ddd9c
  RNEmbrace: 920bf103b1e863aed28f020d07e4c5868ced3641
  RNFastImage: 3207b9eb17c2425d574ca40db35185db6e324f4e
  RNFBAnalytics: 8b3ae6ba875a1e3088ba47f7c961f5dcc9b1e891
  RNFBApp: 197491b507452d2b8598c50e13d66aaced5fed0b
  RNFBAuth: 4accb7c62398bf0399b41766d817ffd28a34575a
  RNFBCrashlytics: 7d05d58b92e38be8149c14cbc3da60330de30bee
  RNFBMessaging: 42ceac7e6e9ac93c7a73b8852d867c7208a15a82
  RNFS: 4ac0f0ea233904cb798630b3c077808c06931688
  RNGestureHandler: e98441928705d9d1184b599d7c1c6df2dd4f7724
  RNGoogleSignin: 6baed9bb19c9c54614bef63bdc55c381b4e33c44
  RNIap: 99a559a3642155b47aa0622f9693632010a0b4f7
  RNImageCropPicker: ffbba608264885c241cbf3a8f78eb7aeeb978241
  RNPermissions: 6aa8b0c4b55c3113d1b5a4bf328dc05415031b16
  RNReanimated: acd16120f7ddb2c502e02e9ea9977bb78362d9ea
  RNScreens: 218801c16a2782546d30bd2026bb625c0302d70f
  RNSentry: db7fd7b66efda28885e4e904a8b5e7349aec61c1
  RNShare: be91a5c149585affb02c25b351bd07ba927c7006
  RNSVG: 1153e8eeb34c788841016c517dba9f57f20b762f
  SDWebImage: a7f831e1a65eb5e285e3fb046a23fcfbf08e696d
  SDWebImageWebPCoder: 908b83b6adda48effe7667cd2b7f78c897e5111d
  Sentry: 4272663eb0eda312024d795ca3f5a562a8ce5e18
  Stripe: 15fad81ffb8d553d77ff504a6d50d47b9028bed0
  stripe-react-native: a944368b2694b3046661883df7d40951292e662c
  StripeApplePay: 871274acfa7a96650ea8a697c288c54b8288fb6e
  StripeCore: 7b08fd286e8f8f5336eb725bc7ed1d2a4705cdc4
  StripeFinancialConnections: 561831507db3d383be3933a3979f1b9d287a15e7
  StripePayments: 081e01e73762852ccf3e662202d5dd4107634058
  StripePaymentSheet: ec04397e9223c86a87be8b348cdbcf2075dd7a16
  StripePaymentsUI: 3dae7fed9b148b2749dff622ece45f9b441b88ce
  StripeUICore: 4a76fa59cab679e1b2fe1ad37d6b08c5bf2ada54
  SwiftAudioEx: 83eabba2940924fc1c0d5cb0896049921365229c
  TOCropViewController: edfd4f25713d56905ad1e0b9f5be3fbe0f59c863
  Yoga: 82c9e8f652789f67d98bed5aef9d6653f71b04a9
  YoutubePlayer-in-WKWebView: 4fca3b4f6f09940077bfbae7bddb771f2b43aacd

PODFILE CHECKSUM: 301a6166acff472bc5ab9aede51f59c642ac35fb

COCOAPODS: 1.14.3
